
Microsoft Visual Studio Solution File, Format Version 12.00
# Visual Studio Version 16
VisualStudioVersion = 16.0.30907.101
MinimumVisualStudioVersion = 10.0.40219.1
Project("{9A19103F-16F7-4668-BE54-9A1E7A4F7556}") = "KampIntro1", "KampIntro1\KampIntro1.csproj", "{7FC26583-5770-4DC4-B814-7F4AFE8D4BBF}"
EndProject
Project("{9A19103F-16F7-4668-BE54-9A1E7A4F7556}") = "ConsoleApp2", "ConsoleApp2\ConsoleApp2.csproj", "{0F651F48-26D7-42AA-BC3A-AF898223CDE9}"
EndProject
Project("{9A19103F-16F7-4668-BE54-9A1E7A4F7556}") = "3.ders", "3.ders\3.ders.csproj", "{E0A108B5-AF09-45D4-9848-A105DBB79E0F}"
EndProject
Project("{9A19103F-16F7-4668-BE54-9A1E7A4F7556}") = "Metots4", "Metots4\Metots4.csproj", "{26666368-1064-4EB7-B212-D73F5C06FFB6}"
EndProject
Project("{9A19103F-16F7-4668-BE54-9A1E7A4F7556}") = "Matematik", "Matematik\Matematik.csproj", "{B38DC741-614C-4DF1-BACF-9B82A808C4EC}"
EndProject
Project("{9A19103F-16F7-4668-BE54-9A1E7A4F7556}") = "DegerVeReferansTipler", "DegerVeReferansTipler\DegerVeReferansTipler.csproj", "{D0CDE0B3-E4C1-4989-A35E-61BF1F4614C1}"
EndProject
Project("{FAE04EC0-301F-11D3-BF4B-00C04F79EFBC}") = "OdevleAlakalı", "OdevleAlakalı\OdevleAlakalı.csproj", "{21C049CC-F3B9-42AA-83F6-E715A0CCAA55}"
EndProject
Global
	GlobalSection(SolutionConfigurationPlatforms) = preSolution
		Debug|Any CPU = Debug|Any CPU
		Release|Any CPU = Release|Any CPU
	EndGlobalSection
	GlobalSection(ProjectConfigurationPlatforms) = postSolution
		{7FC26583-5770-4DC4-B814-7F4AFE8D4BBF}.Debug|Any CPU.ActiveCfg = Debug|Any CPU
		{7FC26583-5770-4DC4-B814-7F4AFE8D4BBF}.Debug|Any CPU.Build.0 = Debug|Any CPU
		{7FC26583-5770-4DC4-B814-7F4AFE8D4BBF}.Release|Any CPU.ActiveCfg = Release|Any CPU
		{7FC26583-5770-4DC4-B814-7F4AFE8D4BBF}.Release|Any CPU.Build.0 = Release|Any CPU
		{0F651F48-26D7-42AA-BC3A-AF898223CDE9}.Debug|Any CPU.ActiveCfg = Debug|Any CPU
		{0F651F48-26D7-42AA-BC3A-AF898223CDE9}.Debug|Any CPU.Build.0 = Debug|Any CPU
		{0F651F48-26D7-42AA-BC3A-AF898223CDE9}.Release|Any CPU.ActiveCfg = Release|Any CPU
		{0F651F48-26D7-42AA-BC3A-AF898223CDE9}.Release|Any CPU.Build.0 = Release|Any CPU
		{E0A108B5-AF09-45D4-9848-A105DBB79E0F}.Debug|Any CPU.ActiveCfg = Debug|Any CPU
		{E0A108B5-AF09-45D4-9848-A105DBB79E0F}.Debug|Any CPU.Build.0 = Debug|Any CPU
		{E0A108B5-AF09-45D4-9848-A105DBB79E0F}.Release|Any CPU.ActiveCfg = Release|Any CPU
		{E0A108B5-AF09-45D4-9848-A105DBB79E0F}.Release|Any CPU.Build.0 = Release|Any CPU
		{26666368-1064-4EB7-B212-D73F5C06FFB6}.Debug|Any CPU.ActiveCfg = Debug|Any CPU
		{26666368-1064-4EB7-B212-D73F5C06FFB6}.Debug|Any CPU.Build.0 = Debug|Any CPU
		{26666368-1064-4EB7-B212-D73F5C06FFB6}.Release|Any CPU.ActiveCfg = Release|Any CPU
		{26666368-1064-4EB7-B212-D73F5C06FFB6}.Release|Any CPU.Build.0 = Release|Any CPU
		{B38DC741-614C-4DF1-BACF-9B82A808C4EC}.Debug|Any CPU.ActiveCfg = Debug|Any CPU
		{B38DC741-614C-4DF1-BACF-9B82A808C4EC}.Debug|Any CPU.Build.0 = Debug|Any CPU
		{B38DC741-614C-4DF1-BACF-9B82A808C4EC}.Release|Any CPU.ActiveCfg = Release|Any CPU
		{B38DC741-614C-4DF1-BACF-9B82A808C4EC}.Release|Any CPU.Build.0 = Release|Any CPU
		{D0CDE0B3-E4C1-4989-A35E-61BF1F4614C1}.Debug|Any CPU.ActiveCfg = Debug|Any CPU
		{D0CDE0B3-E4C1-4989-A35E-61BF1F4614C1}.Debug|Any CPU.Build.0 = Debug|Any CPU
		{D0CDE0B3-E4C1-4989-A35E-61BF1F4614C1}.Release|Any CPU.ActiveCfg = Release|Any CPU
		{D0CDE0B3-E4C1-4989-A35E-61BF1F4614C1}.Release|Any CPU.Build.0 = Release|Any CPU
		{21C049CC-F3B9-42AA-83F6-E715A0CCAA55}.Debug|Any CPU.ActiveCfg = Debug|Any CPU
		{21C049CC-F3B9-42AA-83F6-E715A0CCAA55}.Debug|Any CPU.Build.0 = Debug|Any CPU
		{21C049CC-F3B9-42AA-83F6-E715A0CCAA55}.Release|Any CPU.ActiveCfg = Release|Any CPU
		{21C049CC-F3B9-42AA-83F6-E715A0CCAA55}.Release|Any CPU.Build.0 = Release|Any CPU
	EndGlobalSection
	GlobalSection(SolutionProperties) = preSolution
		HideSolutionNode = FALSE
	EndGlobalSection
	GlobalSection(ExtensibilityGlobals) = postSolution
		SolutionGuid = {76AF6BD6-0A62-4FD2-A90A-EA9601F53F95}
	EndGlobalSection
EndGlobal
